
Microsoft Visual Studio Solution File, Format Version 12.00
# Visual Studio Version 16
VisualStudioVersion = 16.0.31402.337
MinimumVisualStudioVersion = 10.0.40219.1
Project("{FAE04EC0-301F-11D3-BF4B-00C04F79EFBC}") = "CalculatorWindowsForm", "CalculatorWindowsForm\CalculatorWindowsForm.csproj", "{5E0A3D30-5379-47E0-AD80-29928FA8B1BA}"
EndProject
Global
	GlobalSection(SolutionConfigurationPlatforms) = preSolution
		Debug|Any CPU = Debug|Any CPU
		Release|Any CPU = Release|Any CPU
	EndGlobalSection
	GlobalSection(ProjectConfigurationPlatforms) = postSolution
		{5E0A3D30-5379-47E0-AD80-29928FA8B1BA}.Debug|Any CPU.ActiveCfg = Debug|Any CPU
		{5E0A3D30-5379-47E0-AD80-29928FA8B1BA}.Debug|Any CPU.Build.0 = Debug|Any CPU
		{5E0A3D30-5379-47E0-AD80-29928FA8B1BA}.Release|Any CPU.ActiveCfg = Release|Any CPU
		{5E0A3D30-5379-47E0-AD80-29928FA8B1BA}.Release|Any CPU.Build.0 = Release|Any CPU
	EndGlobalSection
	GlobalSection(SolutionProperties) = preSolution
		HideSolutionNode = FALSE
	EndGlobalSection
	GlobalSection(ExtensibilityGlobals) = postSolution
		SolutionGuid = {5B48308E-1387-431D-879D-0B001921E2AC}
	EndGlobalSection
EndGlobal
